
Microsoft Visual Studio Solution File, Format Version 12.00
# Visual Studio Version 17
VisualStudioVersion = 17.9.34723.18
MinimumVisualStudioVersion = 10.0.40219.1
Project("{FAE04EC0-301F-11D3-BF4B-00C04F79EFBC}") = "MyFlat.Api", "MyFlat.Api\MyFlat.Api.csproj", "{2E70ACCC-677A-4C2E-95CC-4C848996C636}"
EndProject
Global
	GlobalSection(SolutionConfigurationPlatforms) = preSolution
		Debug|Any CPU = Debug|Any CPU
		Release|Any CPU = Release|Any CPU
	EndGlobalSection
	GlobalSection(ProjectConfigurationPlatforms) = postSolution
		{2E70ACCC-677A-4C2E-95CC-4C848996C636}.Debug|Any CPU.ActiveCfg = Debug|Any CPU
		{2E70ACCC-677A-4C2E-95CC-4C848996C636}.Debug|Any CPU.Build.0 = Debug|Any CPU
		{2E70ACCC-677A-4C2E-95CC-4C848996C636}.Release|Any CPU.ActiveCfg = Release|Any CPU
		{2E70ACCC-677A-4C2E-95CC-4C848996C636}.Release|Any CPU.Build.0 = Release|Any CPU
	EndGlobalSection
	GlobalSection(SolutionProperties) = preSolution
		HideSolutionNode = FALSE
	EndGlobalSection
	GlobalSection(ExtensibilityGlobals) = postSolution
		SolutionGuid = {F278EE51-3DD0-498F-A5C7-2001CED97A07}
	EndGlobalSection
EndGlobal
